{
  "name": "skandesh",
  "version": "1.1.1",
  "lockfileVersion": 3,
  "requires": true,
  "packages": {
    "": {
      "name": "skandesh",
      "version": "1.1.1",
      "dependencies": {
        "skandesh": "^1.0.0"
      },
      "bin": {
        "skandesh": "node index.js"
      }
    },
    "node_modules/skandesh": {
      "version": "1.0.0",
      "resolved": "https://registry.npmjs.org/skandesh/-/skandesh-1.0.0.tgz",
      "integrity": "sha512-LW2uJ8p48FhLE6L7xS5MSPS3e/HS0LGcVSntCvTLPFtzFVpAB/7Dsr9piYSSmKRYXkCS0ek7S8jkdqNHooYYjg==",
      "bin": {
        "skandesh": "index.js"
      }
    }
  }
}
